
Microsoft Visual Studio Solution File, Format Version 12.00
# Visual Studio Version 17
VisualStudioVersion = 17.0.31919.166
MinimumVisualStudioVersion = 10.0.40219.1
Project("{9A19103F-16F7-4668-BE54-9A1E7A4F7556}") = "PH.Data", "PH.Data\PH.Data.csproj", "{F5EBC424-5613-4A23-9FA0-2271E1DAE9B1}"
EndProject
Project("{9A19103F-16F7-4668-BE54-9A1E7A4F7556}") = "PH.Models", "PH.Models\PH.Models.csproj", "{6F453B48-B315-4BA3-B623-18F353723C02}"
EndProject
Project("{9A19103F-16F7-4668-BE54-9A1E7A4F7556}") = "PH.Config", "PH.Config\PH.Config.csproj", "{14CF8B09-F597-4CDF-95E6-43119EEBE03A}"
EndProject
Project("{9A19103F-16F7-4668-BE54-9A1E7A4F7556}") = "PH.Crypt", "PH.Crypt\PH.Crypt.csproj", "{AFE1DAE2-EE90-47D7-BB39-1D7BFB84F633}"
EndProject
Project("{9A19103F-16F7-4668-BE54-9A1E7A4F7556}") = "PH.Default", "PH.Default\PH.Default.csproj", "{3493014B-C5E4-492E-A8CF-3ACE1C58E05E}"
EndProject
Project("{54435603-DBB4-11D2-8724-00A0C9A8B90C}") = "PH.Setup", "PH.Setup\PH.Setup.vdproj", "{C1FF89DA-4A9A-4C65-9F3E-DA2CB64D40AA}"
EndProject
Global
	GlobalSection(SolutionConfigurationPlatforms) = preSolution
		Debug|Any CPU = Debug|Any CPU
		Release|Any CPU = Release|Any CPU
	EndGlobalSection
	GlobalSection(ProjectConfigurationPlatforms) = postSolution
		{F5EBC424-5613-4A23-9FA0-2271E1DAE9B1}.Debug|Any CPU.ActiveCfg = Debug|Any CPU
		{F5EBC424-5613-4A23-9FA0-2271E1DAE9B1}.Debug|Any CPU.Build.0 = Debug|Any CPU
		{F5EBC424-5613-4A23-9FA0-2271E1DAE9B1}.Release|Any CPU.ActiveCfg = Release|Any CPU
		{F5EBC424-5613-4A23-9FA0-2271E1DAE9B1}.Release|Any CPU.Build.0 = Release|Any CPU
		{6F453B48-B315-4BA3-B623-18F353723C02}.Debug|Any CPU.ActiveCfg = Debug|Any CPU
		{6F453B48-B315-4BA3-B623-18F353723C02}.Debug|Any CPU.Build.0 = Debug|Any CPU
		{6F453B48-B315-4BA3-B623-18F353723C02}.Release|Any CPU.ActiveCfg = Release|Any CPU
		{6F453B48-B315-4BA3-B623-18F353723C02}.Release|Any CPU.Build.0 = Release|Any CPU
		{14CF8B09-F597-4CDF-95E6-43119EEBE03A}.Debug|Any CPU.ActiveCfg = Debug|Any CPU
		{14CF8B09-F597-4CDF-95E6-43119EEBE03A}.Debug|Any CPU.Build.0 = Debug|Any CPU
		{14CF8B09-F597-4CDF-95E6-43119EEBE03A}.Release|Any CPU.ActiveCfg = Release|Any CPU
		{14CF8B09-F597-4CDF-95E6-43119EEBE03A}.Release|Any CPU.Build.0 = Release|Any CPU
		{AFE1DAE2-EE90-47D7-BB39-1D7BFB84F633}.Debug|Any CPU.ActiveCfg = Debug|Any CPU
		{AFE1DAE2-EE90-47D7-BB39-1D7BFB84F633}.Debug|Any CPU.Build.0 = Debug|Any CPU
		{AFE1DAE2-EE90-47D7-BB39-1D7BFB84F633}.Release|Any CPU.ActiveCfg = Release|Any CPU
		{AFE1DAE2-EE90-47D7-BB39-1D7BFB84F633}.Release|Any CPU.Build.0 = Release|Any CPU
		{3493014B-C5E4-492E-A8CF-3ACE1C58E05E}.Debug|Any CPU.ActiveCfg = Debug|Any CPU
		{3493014B-C5E4-492E-A8CF-3ACE1C58E05E}.Debug|Any CPU.Build.0 = Debug|Any CPU
		{3493014B-C5E4-492E-A8CF-3ACE1C58E05E}.Release|Any CPU.ActiveCfg = Release|Any CPU
		{3493014B-C5E4-492E-A8CF-3ACE1C58E05E}.Release|Any CPU.Build.0 = Release|Any CPU
		{C1FF89DA-4A9A-4C65-9F3E-DA2CB64D40AA}.Debug|Any CPU.ActiveCfg = Debug
		{C1FF89DA-4A9A-4C65-9F3E-DA2CB64D40AA}.Release|Any CPU.ActiveCfg = Release
	EndGlobalSection
	GlobalSection(SolutionProperties) = preSolution
		HideSolutionNode = FALSE
	EndGlobalSection
	GlobalSection(ExtensibilityGlobals) = postSolution
		SolutionGuid = {34D7AD14-513E-4D56-9802-728196862C18}
	EndGlobalSection
EndGlobal
